
Microsoft Visual Studio Solution File, Format Version 12.00
# Visual Studio Version 17
VisualStudioVersion = 17.10.35122.118
MinimumVisualStudioVersion = 10.0.40219.1
Project("{FAE04EC0-301F-11D3-BF4B-00C04F79EFBC}") = "FirstMvcWebApps", "FirstMvcWebApps.csproj", "{9E301381-042C-44EB-A7F5-E3A99DE11265}"
EndProject
Global
	GlobalSection(SolutionConfigurationPlatforms) = preSolution
		Debug|Any CPU = Debug|Any CPU
		Release|Any CPU = Release|Any CPU
	EndGlobalSection
	GlobalSection(ProjectConfigurationPlatforms) = postSolution
		{9E301381-042C-44EB-A7F5-E3A99DE11265}.Debug|Any CPU.ActiveCfg = Debug|Any CPU
		{9E301381-042C-44EB-A7F5-E3A99DE11265}.Debug|Any CPU.Build.0 = Debug|Any CPU
		{9E301381-042C-44EB-A7F5-E3A99DE11265}.Release|Any CPU.ActiveCfg = Release|Any CPU
		{9E301381-042C-44EB-A7F5-E3A99DE11265}.Release|Any CPU.Build.0 = Release|Any CPU
	EndGlobalSection
	GlobalSection(SolutionProperties) = preSolution
		HideSolutionNode = FALSE
	EndGlobalSection
	GlobalSection(ExtensibilityGlobals) = postSolution
		SolutionGuid = {ED6D19BD-99BF-4A59-BCA9-F8CACBB261FD}
	EndGlobalSection
EndGlobal
