
Microsoft Visual Studio Solution File, Format Version 12.00
# Visual Studio Version 17
VisualStudioVersion = 17.10.35122.118
MinimumVisualStudioVersion = 10.0.40219.1
Project("{FAE04EC0-301F-11D3-BF4B-00C04F79EFBC}") = "ministore", "ministore\ministore.csproj", "{DC0FD9DA-213F-448B-90D8-EA9A32F3FC31}"
EndProject
Global
	GlobalSection(SolutionConfigurationPlatforms) = preSolution
		Debug|Any CPU = Debug|Any CPU
		Release|Any CPU = Release|Any CPU
	EndGlobalSection
	GlobalSection(ProjectConfigurationPlatforms) = postSolution
		{DC0FD9DA-213F-448B-90D8-EA9A32F3FC31}.Debug|Any CPU.ActiveCfg = Debug|Any CPU
		{DC0FD9DA-213F-448B-90D8-EA9A32F3FC31}.Debug|Any CPU.Build.0 = Debug|Any CPU
		{DC0FD9DA-213F-448B-90D8-EA9A32F3FC31}.Release|Any CPU.ActiveCfg = Release|Any CPU
		{DC0FD9DA-213F-448B-90D8-EA9A32F3FC31}.Release|Any CPU.Build.0 = Release|Any CPU
	EndGlobalSection
	GlobalSection(SolutionProperties) = preSolution
		HideSolutionNode = FALSE
	EndGlobalSection
	GlobalSection(ExtensibilityGlobals) = postSolution
		SolutionGuid = {BD47D450-D9BB-4CE2-BD21-59ECD027C3D7}
	EndGlobalSection
EndGlobal
