
Microsoft Visual Studio Solution File, Format Version 12.00
# Visual Studio Version 17
VisualStudioVersion = 17.10.35122.118
MinimumVisualStudioVersion = 10.0.40219.1
Project("{FAE04EC0-301F-11D3-BF4B-00C04F79EFBC}") = "second Mvc Web Apps", "second Mvc Web Apps.csproj", "{893B1426-5711-48AB-859A-0B3AD9E0E5E4}"
EndProject
Global
	GlobalSection(SolutionConfigurationPlatforms) = preSolution
		Debug|Any CPU = Debug|Any CPU
		Release|Any CPU = Release|Any CPU
	EndGlobalSection
	GlobalSection(ProjectConfigurationPlatforms) = postSolution
		{893B1426-5711-48AB-859A-0B3AD9E0E5E4}.Debug|Any CPU.ActiveCfg = Debug|Any CPU
		{893B1426-5711-48AB-859A-0B3AD9E0E5E4}.Debug|Any CPU.Build.0 = Debug|Any CPU
		{893B1426-5711-48AB-859A-0B3AD9E0E5E4}.Release|Any CPU.ActiveCfg = Release|Any CPU
		{893B1426-5711-48AB-859A-0B3AD9E0E5E4}.Release|Any CPU.Build.0 = Release|Any CPU
	EndGlobalSection
	GlobalSection(SolutionProperties) = preSolution
		HideSolutionNode = FALSE
	EndGlobalSection
	GlobalSection(ExtensibilityGlobals) = postSolution
		SolutionGuid = {8FF62FB2-5016-485C-8F04-4B5012AC83E4}
	EndGlobalSection
EndGlobal
